
Microsoft Visual Studio Solution File, Format Version 12.00
# Visual Studio Version 17
VisualStudioVersion = 17.3.32929.385
MinimumVisualStudioVersion = 10.0.40219.1
Project("{FAE04EC0-301F-11D3-BF4B-00C04F79EFBC}") = "serialCallBackTest", "serialCallBackTest.csproj", "{F1E8122D-B30C-4F66-82C6-A33F813AF842}"
EndProject
Global
	GlobalSection(SolutionConfigurationPlatforms) = preSolution
		Debug|Any CPU = Debug|Any CPU
		Release|Any CPU = Release|Any CPU
	EndGlobalSection
	GlobalSection(ProjectConfigurationPlatforms) = postSolution
		{F1E8122D-B30C-4F66-82C6-A33F813AF842}.Debug|Any CPU.ActiveCfg = Debug|Any CPU
		{F1E8122D-B30C-4F66-82C6-A33F813AF842}.Debug|Any CPU.Build.0 = Debug|Any CPU
		{F1E8122D-B30C-4F66-82C6-A33F813AF842}.Release|Any CPU.ActiveCfg = Release|Any CPU
		{F1E8122D-B30C-4F66-82C6-A33F813AF842}.Release|Any CPU.Build.0 = Release|Any CPU
	EndGlobalSection
	GlobalSection(SolutionProperties) = preSolution
		HideSolutionNode = FALSE
	EndGlobalSection
	GlobalSection(ExtensibilityGlobals) = postSolution
		SolutionGuid = {4E7D4152-6228-48F2-986A-3C89C6AECE3C}
	EndGlobalSection
EndGlobal
