
Microsoft Visual Studio Solution File, Format Version 12.00
# Visual Studio Version 17
VisualStudioVersion = 17.3.32929.385
MinimumVisualStudioVersion = 10.0.40219.1
Project("{FAE04EC0-301F-11D3-BF4B-00C04F79EFBC}") = "slideBar", "slideBar.csproj", "{94373418-7802-408E-9AEF-D187E320BE73}"
EndProject
Global
	GlobalSection(SolutionConfigurationPlatforms) = preSolution
		Debug|Any CPU = Debug|Any CPU
		Release|Any CPU = Release|Any CPU
	EndGlobalSection
	GlobalSection(ProjectConfigurationPlatforms) = postSolution
		{94373418-7802-408E-9AEF-D187E320BE73}.Debug|Any CPU.ActiveCfg = Debug|Any CPU
		{94373418-7802-408E-9AEF-D187E320BE73}.Debug|Any CPU.Build.0 = Debug|Any CPU
		{94373418-7802-408E-9AEF-D187E320BE73}.Release|Any CPU.ActiveCfg = Release|Any CPU
		{94373418-7802-408E-9AEF-D187E320BE73}.Release|Any CPU.Build.0 = Release|Any CPU
	EndGlobalSection
	GlobalSection(SolutionProperties) = preSolution
		HideSolutionNode = FALSE
	EndGlobalSection
	GlobalSection(ExtensibilityGlobals) = postSolution
		SolutionGuid = {10016146-71EC-44CD-907B-6FF76717FFF0}
	EndGlobalSection
EndGlobal
