
Microsoft Visual Studio Solution File, Format Version 12.00
# Visual Studio Version 17
VisualStudioVersion = 17.3.32929.385
MinimumVisualStudioVersion = 10.0.40219.1
Project("{FAE04EC0-301F-11D3-BF4B-00C04F79EFBC}") = "WindowsFormsApp1", "WindowsFormsApp1.csproj", "{B39C46AF-FFCE-4AE6-AC04-D3A962AB985D}"
EndProject
Global
	GlobalSection(SolutionConfigurationPlatforms) = preSolution
		Debug|Any CPU = Debug|Any CPU
		Release|Any CPU = Release|Any CPU
	EndGlobalSection
	GlobalSection(ProjectConfigurationPlatforms) = postSolution
		{B39C46AF-FFCE-4AE6-AC04-D3A962AB985D}.Debug|Any CPU.ActiveCfg = Debug|Any CPU
		{B39C46AF-FFCE-4AE6-AC04-D3A962AB985D}.Debug|Any CPU.Build.0 = Debug|Any CPU
		{B39C46AF-FFCE-4AE6-AC04-D3A962AB985D}.Release|Any CPU.ActiveCfg = Release|Any CPU
		{B39C46AF-FFCE-4AE6-AC04-D3A962AB985D}.Release|Any CPU.Build.0 = Release|Any CPU
	EndGlobalSection
	GlobalSection(SolutionProperties) = preSolution
		HideSolutionNode = FALSE
	EndGlobalSection
	GlobalSection(ExtensibilityGlobals) = postSolution
		SolutionGuid = {E5C6DFDD-5C1B-4D93-ACA7-8F599463BF6D}
	EndGlobalSection
EndGlobal
