
Microsoft Visual Studio Solution File, Format Version 12.00
# Visual Studio Version 17
VisualStudioVersion = 17.3.32929.385
MinimumVisualStudioVersion = 10.0.40219.1
Project("{FAE04EC0-301F-11D3-BF4B-00C04F79EFBC}") = "panelTestowy", "panelTestowy\panelTestowy.csproj", "{795A2085-6FEE-42D5-BE6F-8834EB77DC83}"
EndProject
Global
	GlobalSection(SolutionConfigurationPlatforms) = preSolution
		Debug|Any CPU = Debug|Any CPU
		Release|Any CPU = Release|Any CPU
	EndGlobalSection
	GlobalSection(ProjectConfigurationPlatforms) = postSolution
		{795A2085-6FEE-42D5-BE6F-8834EB77DC83}.Debug|Any CPU.ActiveCfg = Debug|Any CPU
		{795A2085-6FEE-42D5-BE6F-8834EB77DC83}.Debug|Any CPU.Build.0 = Debug|Any CPU
		{795A2085-6FEE-42D5-BE6F-8834EB77DC83}.Release|Any CPU.ActiveCfg = Release|Any CPU
		{795A2085-6FEE-42D5-BE6F-8834EB77DC83}.Release|Any CPU.Build.0 = Release|Any CPU
	EndGlobalSection
	GlobalSection(SolutionProperties) = preSolution
		HideSolutionNode = FALSE
	EndGlobalSection
	GlobalSection(ExtensibilityGlobals) = postSolution
		SolutionGuid = {0978CEAD-4F31-4F40-BD06-0C9E1EF676B0}
	EndGlobalSection
EndGlobal
