
Microsoft Visual Studio Solution File, Format Version 12.00
# Visual Studio Version 17
VisualStudioVersion = 17.3.32929.385
MinimumVisualStudioVersion = 10.0.40219.1
Project("{FAE04EC0-301F-11D3-BF4B-00C04F79EFBC}") = "callback", "callback.csproj", "{63F04E6B-134F-4B20-B749-57E37BFD9D28}"
EndProject
Global
	GlobalSection(SolutionConfigurationPlatforms) = preSolution
		Debug|Any CPU = Debug|Any CPU
		Release|Any CPU = Release|Any CPU
	EndGlobalSection
	GlobalSection(ProjectConfigurationPlatforms) = postSolution
		{63F04E6B-134F-4B20-B749-57E37BFD9D28}.Debug|Any CPU.ActiveCfg = Debug|Any CPU
		{63F04E6B-134F-4B20-B749-57E37BFD9D28}.Debug|Any CPU.Build.0 = Debug|Any CPU
		{63F04E6B-134F-4B20-B749-57E37BFD9D28}.Release|Any CPU.ActiveCfg = Release|Any CPU
		{63F04E6B-134F-4B20-B749-57E37BFD9D28}.Release|Any CPU.Build.0 = Release|Any CPU
	EndGlobalSection
	GlobalSection(SolutionProperties) = preSolution
		HideSolutionNode = FALSE
	EndGlobalSection
	GlobalSection(ExtensibilityGlobals) = postSolution
		SolutionGuid = {7643C8DF-26A8-4868-9F8E-95B53B689B7C}
	EndGlobalSection
EndGlobal
