
Microsoft Visual Studio Solution File, Format Version 12.00
# Visual Studio Version 17
VisualStudioVersion = 17.3.32929.385
MinimumVisualStudioVersion = 10.0.40219.1
Project("{FAE04EC0-301F-11D3-BF4B-00C04F79EFBC}") = "recivingDataCallback_1", "recivingDataCallback_1.csproj", "{4BD95EFB-FC68-4C6C-971B-250851E2DBE0}"
EndProject
Global
	GlobalSection(SolutionConfigurationPlatforms) = preSolution
		Debug|Any CPU = Debug|Any CPU
		Release|Any CPU = Release|Any CPU
	EndGlobalSection
	GlobalSection(ProjectConfigurationPlatforms) = postSolution
		{4BD95EFB-FC68-4C6C-971B-250851E2DBE0}.Debug|Any CPU.ActiveCfg = Debug|Any CPU
		{4BD95EFB-FC68-4C6C-971B-250851E2DBE0}.Debug|Any CPU.Build.0 = Debug|Any CPU
		{4BD95EFB-FC68-4C6C-971B-250851E2DBE0}.Release|Any CPU.ActiveCfg = Release|Any CPU
		{4BD95EFB-FC68-4C6C-971B-250851E2DBE0}.Release|Any CPU.Build.0 = Release|Any CPU
	EndGlobalSection
	GlobalSection(SolutionProperties) = preSolution
		HideSolutionNode = FALSE
	EndGlobalSection
	GlobalSection(ExtensibilityGlobals) = postSolution
		SolutionGuid = {91C7507C-ABD9-476A-B5C9-24B1B37F7DB7}
	EndGlobalSection
EndGlobal
