
Microsoft Visual Studio Solution File, Format Version 12.00
# Visual Studio Version 17
VisualStudioVersion = 17.3.32929.385
MinimumVisualStudioVersion = 10.0.40219.1
Project("{FAE04EC0-301F-11D3-BF4B-00C04F79EFBC}") = "symulacja sygnalow Windows", "symulacja sygnalow Windows.csproj", "{4AD0EC5F-0F95-455E-A406-3653962E991F}"
EndProject
Global
	GlobalSection(SolutionConfigurationPlatforms) = preSolution
		Debug|Any CPU = Debug|Any CPU
		Release|Any CPU = Release|Any CPU
	EndGlobalSection
	GlobalSection(ProjectConfigurationPlatforms) = postSolution
		{4AD0EC5F-0F95-455E-A406-3653962E991F}.Debug|Any CPU.ActiveCfg = Debug|Any CPU
		{4AD0EC5F-0F95-455E-A406-3653962E991F}.Debug|Any CPU.Build.0 = Debug|Any CPU
		{4AD0EC5F-0F95-455E-A406-3653962E991F}.Release|Any CPU.ActiveCfg = Release|Any CPU
		{4AD0EC5F-0F95-455E-A406-3653962E991F}.Release|Any CPU.Build.0 = Release|Any CPU
	EndGlobalSection
	GlobalSection(SolutionProperties) = preSolution
		HideSolutionNode = FALSE
	EndGlobalSection
	GlobalSection(ExtensibilityGlobals) = postSolution
		SolutionGuid = {2C7303C3-8C6B-46DE-BAC1-073B5270E834}
	EndGlobalSection
EndGlobal
